{
  "version": "3",
  "packages": {
    "specifiers": {
      "npm:marked": "npm:marked@13.0.1",
      "npm:marked@^13.0.1": "npm:marked@13.0.1"
    },
    "npm": {
      "marked@13.0.1": {
        "integrity": "sha512-7kBohS6GrZKvCsNXZyVVXSW7/hGBHe49ng99YPkDCckSUrrG7MSFLCexsRxptzOmyW2eT5dySh4Md1V6my52fA==",
        "dependencies": {}
      }
    }
  },
  "redirects": {
    "https://deno.land/x/marked/mod.ts": "https://deno.land/x/marked@1.0.2/mod.ts"
  },
  "remote": {
    "https://deno.land/x/marked@1.0.2/mod.ts": "57e4fd38be13ae9efd001704eea481570fce83fe502f4fb64aba140fd7fd75cb"
  },
  "workspace": {
    "dependencies": [
      "npm:marked@^13.0.1"
    ]
  }
}
